// !$*UTF8*$!
{
	archiveVersion = 1;
	classes = {
	};
	objectVersion = 77;
	objects = {

/* Begin PBXBuildFile section */
		666891832F18B6A2005EAD74 /* StoreKit.framework in Frameworks */ = {isa = PBXBuildFile; fileRef = 666891822F18B6A1005EAD74 /* StoreKit.framework */; };
		66A089842EF38ADA00557A4B /* FirebaseAI in Frameworks */ = {isa = PBXBuildFile; productRef = 66A089832EF38ADA00557A4B /* FirebaseAI */; };
		66A089862EF38ADA00557A4B /* FirebaseAILogic in Frameworks */ = {isa = PBXBuildFile; productRef = 66A089852EF38ADA00557A4B /* FirebaseAILogic */; };
		66A089882EF38ADA00557A4B /* FirebaseAnalytics in Frameworks */ = {isa = PBXBuildFile; productRef = 66A089872EF38ADA00557A4B /* FirebaseAnalytics */; };
		66A0898A2EF38ADA00557A4B /* FirebaseAppCheck in Frameworks */ = {isa = PBXBuildFile; productRef = 66A089892EF38ADA00557A4B /* FirebaseAppCheck */; };
		66A0898C2EF38ADA00557A4B /* FirebaseAppDistribution-Beta in Frameworks */ = {isa = PBXBuildFile; productRef = 66A0898B2EF38ADA00557A4B /* FirebaseAppDistribution-Beta */; };
		66A0898E2EF38ADA00557A4B /* FirebaseAuth in Frameworks */ = {isa = PBXBuildFile; productRef = 66A0898D2EF38ADA00557A4B /* FirebaseAuth */; };
		66A089902EF38ADA00557A4B /* FirebaseDatabase in Frameworks */ = {isa = PBXBuildFile; productRef = 66A0898F2EF38ADA00557A4B /* FirebaseDatabase */; };
		66A089922EF38ADA00557A4B /* FirebaseFirestore in Frameworks */ = {isa = PBXBuildFile; productRef = 66A089912EF38ADA00557A4B /* FirebaseFirestore */; };
		66A089942EF38ADA00557A4B /* FirebaseFunctions in Frameworks */ = {isa = PBXBuildFile; productRef = 66A089932EF38ADA00557A4B /* FirebaseFunctions */; };
		66A089962EF38ADA00557A4B /* FirebaseInAppMessaging-Beta in Frameworks */ = {isa = PBXBuildFile; productRef = 66A089952EF38ADA00557A4B /* FirebaseInAppMessaging-Beta */; };
		66A089982EF38ADA00557A4B /* FirebaseMessaging in Frameworks */ = {isa = PBXBuildFile; productRef = 66A089972EF38ADA00557A4B /* FirebaseMessaging */; };
/* End PBXBuildFile section */

/* Begin PBXContainerItemProxy section */
		66A089632EF37E7600557A4B /* PBXContainerItemProxy */ = {
			isa = PBXContainerItemProxy;
			containerPortal = 66A089492EF37E7400557A4B /* Project object */;
			proxyType = 1;
			remoteGlobalIDString = 66A089502EF37E7400557A4B;
			remoteInfo = love.ly;
		};
		66A0896D2EF37E7600557A4B /* PBXContainerItemProxy */ = {
			isa = PBXContainerItemProxy;
			containerPortal = 66A089492EF37E7400557A4B /* Project object */;
			proxyType = 1;
			remoteGlobalIDString = 66A089502EF37E7400557A4B;
			remoteInfo = love.ly;
		};
/* End PBXContainerItemProxy section */

/* Begin PBXFileReference section */
		666891822F18B6A1005EAD74 /* StoreKit.framework */ = {isa = PBXFileReference; lastKnownFileType = wrapper.framework; name = StoreKit.framework; path = System/Library/Frameworks/StoreKit.framework; sourceTree = SDKROOT; };
		66A089512EF37E7400557A4B /* love.ly.app */ = {isa = PBXFileReference; explicitFileType = wrapper.application; includeInIndex = 0; path = love.ly.app; sourceTree = BUILT_PRODUCTS_DIR; };
		66A089622EF37E7600557A4B /* love.lyTests.xctest */ = {isa = PBXFileReference; explicitFileType = wrapper.cfbundle; includeInIndex = 0; path = love.lyTests.xctest; sourceTree = BUILT_PRODUCTS_DIR; };
		66A0896C2EF37E7600557A4B /* love.lyUITests.xctest */ = {isa = PBXFileReference; explicitFileType = wrapper.cfbundle; includeInIndex = 0; path = love.lyUITests.xctest; sourceTree = BUILT_PRODUCTS_DIR; };
/* End PBXFileReference section */

/* Begin PBXFileSystemSynchronizedBuildFileExceptionSet section */
		66A089742EF37E7600557A4B /* Exceptions for "love.ly" folder in "love.ly" target */ = {
			isa = PBXFileSystemSynchronizedBuildFileExceptionSet;
			membershipExceptions = (
				Info.plist,
			);
			target = 66A089502EF37E7400557A4B /* love.ly */;
		};
/* End PBXFileSystemSynchronizedBuildFileExceptionSet section */

/* Begin PBXFileSystemSynchronizedRootGroup section */
		66A089532EF37E7400557A4B /* love.ly */ = {
			isa = PBXFileSystemSynchronizedRootGroup;
			exceptions = (
				66A089742EF37E7600557A4B /* Exceptions for "love.ly" folder in "love.ly" target */,
			);
			path = love.ly;
			sourceTree = "<group>";
		};
		66A089652EF37E7600557A4B /* love.lyTests */ = {
			isa = PBXFileSystemSynchronizedRootGroup;
			path = love.lyTests;
			sourceTree = "<group>";
		};
		66A0896F2EF37E7600557A4B /* love.lyUITests */ = {
			isa = PBXFileSystemSynchronizedRootGroup;
			path = love.lyUITests;
			sourceTree = "<group>";
		};
/* End PBXFileSystemSynchronizedRootGroup section */

/* Begin PBXFrameworksBuildPhase section */
		66A0894E2EF37E7400557A4B /* Frameworks */ = {
			isa = PBXFrameworksBuildPhase;
			buildActionMask = 2147483647;
			files = (
				66A0898A2EF38ADA00557A4B /* FirebaseAppCheck in Frameworks */,
				66A0898E2EF38ADA00557A4B /* FirebaseAuth in Frameworks */,
				66A089862EF38ADA00557A4B /* FirebaseAILogic in Frameworks */,
				666891832F18B6A2005EAD74 /* StoreKit.framework in Frameworks */,
				66A089942EF38ADA00557A4B /* FirebaseFunctions in Frameworks */,
				66A0898C2EF38ADA00557A4B /* FirebaseAppDistribution-Beta in Frameworks */,
				66A089842EF38ADA00557A4B /* FirebaseAI in Frameworks */,
				66A089922EF38ADA00557A4B /* FirebaseFirestore in Frameworks */,
				66A089902EF38ADA00557A4B /* FirebaseDatabase in Frameworks */,
				66A089882EF38ADA00557A4B /* FirebaseAnalytics in Frameworks */,
				66A089982EF38ADA00557A4B /* FirebaseMessaging in Frameworks */,
				66A089962EF38ADA00557A4B /* FirebaseInAppMessaging-Beta in Frameworks */,
			);
			runOnlyForDeploymentPostprocessing = 0;
		};
		66A0895F2EF37E7600557A4B /* Frameworks */ = {
			isa = PBXFrameworksBuildPhase;
			buildActionMask = 2147483647;
			files = (
			);
			runOnlyForDeploymentPostprocessing = 0;
		};
		66A089692EF37E7600557A4B /* Frameworks */ = {
			isa = PBXFrameworksBuildPhase;
			buildActionMask = 2147483647;
			files = (
			);
			runOnlyForDeploymentPostprocessing = 0;
		};
/* End PBXFrameworksBuildPhase section */

/* Begin PBXGroup section */
		66A089482EF37E7400557A4B = {
			isa = PBXGroup;
			children = (
				66A089532EF37E7400557A4B /* love.ly */,
				66A089652EF37E7600557A4B /* love.lyTests */,
				66A0896F2EF37E7600557A4B /* love.lyUITests */,
				66BA33732F0DD54500CA0CBF /* Frameworks */,
				66A089522EF37E7400557A4B /* Products */,
			);
			sourceTree = "<group>";
		};
		66A089522EF37E7400557A4B /* Products */ = {
			isa = PBXGroup;
			children = (
				66A089512EF37E7400557A4B /* love.ly.app */,
				66A089622EF37E7600557A4B /* love.lyTests.xctest */,
				66A0896C2EF37E7600557A4B /* love.lyUITests.xctest */,
			);
			name = Products;
			sourceTree = "<group>";
		};
		66BA33732F0DD54500CA0CBF /* Frameworks */ = {
			isa = PBXGroup;
			children = (
				666891822F18B6A1005EAD74 /* StoreKit.framework */,
			);
			name = Frameworks;
			sourceTree = "<group>";
		};
/* End PBXGroup section */

/* Begin PBXNativeTarget section */
		66A089502EF37E7400557A4B /* love.ly */ = {
			isa = PBXNativeTarget;
			buildConfigurationList = 66A089752EF37E7600557A4B /* Build configuration list for PBXNativeTarget "love.ly" */;
			buildPhases = (
				66A0894D2EF37E7400557A4B /* Sources */,
				66A0894E2EF37E7400557A4B /* Frameworks */,
				66A0894F2EF37E7400557A4B /* Resources */,
			);
			buildRules = (
			);
			dependencies = (
			);
			fileSystemSynchronizedGroups = (
				66A089532EF37E7400557A4B /* love.ly */,
			);
			name = love.ly;
			packageProductDependencies = (
				66A089832EF38ADA00557A4B /* FirebaseAI */,
				66A089852EF38ADA00557A4B /* FirebaseAILogic */,
				66A089872EF38ADA00557A4B /* FirebaseAnalytics */,
				66A089892EF38ADA00557A4B /* FirebaseAppCheck */,
				66A0898B2EF38ADA00557A4B /* FirebaseAppDistribution-Beta */,
				66A0898D2EF38ADA00557A4B /* FirebaseAuth */,
				66A0898F2EF38ADA00557A4B /* FirebaseDatabase */,
				66A089912EF38ADA00557A4B /* FirebaseFirestore */,
				66A089932EF38ADA00557A4B /* FirebaseFunctions */,
				66A089952EF38ADA00557A4B /* FirebaseInAppMessaging-Beta */,
				66A089972EF38ADA00557A4B /* FirebaseMessaging */,
			);
			productName = love.ly;
			productReference = 66A089512EF37E7400557A4B /* love.ly.app */;
			productType = "com.apple.product-type.application";
		};
		66A089612EF37E7600557A4B /* love.lyTests */ = {
			isa = PBXNativeTarget;
			buildConfigurationList = 66A0897A2EF37E7600557A4B /* Build configuration list for PBXNativeTarget "love.lyTests" */;
			buildPhases = (
				66A0895E2EF37E7600557A4B /* Sources */,
				66A0895F2EF37E7600557A4B /* Frameworks */,
				66A089602EF37E7600557A4B /* Resources */,
			);
			buildRules = (
			);
			dependencies = (
				66A089642EF37E7600557A4B /* PBXTargetDependency */,
			);
			fileSystemSynchronizedGroups = (
				66A089652EF37E7600557A4B /* love.lyTests */,
			);
			name = love.lyTests;
			packageProductDependencies = (
			);
			productName = love.lyTests;
			productReference = 66A089622EF37E7600557A4B /* love.lyTests.xctest */;
			productType = "com.apple.product-type.bundle.unit-test";
		};
		66A0896B2EF37E7600557A4B /* love.lyUITests */ = {
			isa = PBXNativeTarget;
			buildConfigurationList = 66A0897D2EF37E7600557A4B /* Build configuration list for PBXNativeTarget "love.lyUITests" */;
			buildPhases = (
				66A089682EF37E7600557A4B /* Sources */,
				66A089692EF37E7600557A4B /* Frameworks */,
				66A0896A2EF37E7600557A4B /* Resources */,
			);
			buildRules = (
			);
			dependencies = (
				66A0896E2EF37E7600557A4B /* PBXTargetDependency */,
			);
			fileSystemSynchronizedGroups = (
				66A0896F2EF37E7600557A4B /* love.lyUITests */,
			);
			name = love.lyUITests;
			packageProductDependencies = (
			);
			productName = love.lyUITests;
			productReference = 66A0896C2EF37E7600557A4B /* love.lyUITests.xctest */;
			productType = "com.apple.product-type.bundle.ui-testing";
		};
/* End PBXNativeTarget section */

/* Begin PBXProject section */
		66A089492EF37E7400557A4B /* Project object */ = {
			isa = PBXProject;
			attributes = {
				BuildIndependentTargetsInParallel = 1;
				LastSwiftUpdateCheck = 2600;
				LastUpgradeCheck = 2600;
				TargetAttributes = {
					66A089502EF37E7400557A4B = {
						CreatedOnToolsVersion = 26.0.1;
					};
					66A089612EF37E7600557A4B = {
						CreatedOnToolsVersion = 26.0.1;
						TestTargetID = 66A089502EF37E7400557A4B;
					};
					66A0896B2EF37E7600557A4B = {
						CreatedOnToolsVersion = 26.0.1;
						TestTargetID = 66A089502EF37E7400557A4B;
					};
				};
			};
			buildConfigurationList = 66A0894C2EF37E7400557A4B /* Build configuration list for PBXProject "love.ly" */;
			developmentRegion = en;
			hasScannedForEncodings = 0;
			knownRegions = (
				en,
				Base,
			);
			mainGroup = 66A089482EF37E7400557A4B;
			minimizedProjectReferenceProxies = 1;
			packageReferences = (
				66A089822EF38ADA00557A4B /* XCRemoteSwiftPackageReference "firebase-ios-sdk" */,
				66FA42FD2F0EEBF60069D7F2 /* XCLocalSwiftPackageReference "lovelySDKGenerated/lovelySDK" */,
				66F6C4972F0EF06D001A0F62 /* XCLocalSwiftPackageReference "../FirebaseDataConnectGenerated/DataConnectGenerated" */,
			);
			preferredProjectObjectVersion = 77;
			productRefGroup = 66A089522EF37E7400557A4B /* Products */;
			projectDirPath = "";
			projectRoot = "";
			targets = (
				66A089502EF37E7400557A4B /* love.ly */,
				66A089612EF37E7600557A4B /* love.lyTests */,
				66A0896B2EF37E7600557A4B /* love.lyUITests */,
			);
		};
/* End PBXProject section */

/* Begin PBXResourcesBuildPhase section */
		66A0894F2EF37E7400557A4B /* Resources */ = {
			isa = PBXResourcesBuildPhase;
			buildActionMask = 2147483647;
			files = (
			);
			runOnlyForDeploymentPostprocessing = 0;
		};
		66A089602EF37E7600557A4B /* Resources */ = {
			isa = PBXResourcesBuildPhase;
			buildActionMask = 2147483647;
			files = (
			);
			runOnlyForDeploymentPostprocessing = 0;
		};
		66A0896A2EF37E7600557A4B /* Resources */ = {
			isa = PBXResourcesBuildPhase;
			buildActionMask = 2147483647;
			files = (
			);
			runOnlyForDeploymentPostprocessing = 0;
		};
/* End PBXResourcesBuildPhase section */

/* Begin PBXSourcesBuildPhase section */
		66A0894D2EF37E7400557A4B /* Sources */ = {
			isa = PBXSourcesBuildPhase;
			buildActionMask = 2147483647;
			files = (
			);
			runOnlyForDeploymentPostprocessing = 0;
		};
		66A0895E2EF37E7600557A4B /* Sources */ = {
			isa = PBXSourcesBuildPhase;
			buildActionMask = 2147483647;
			files = (
			);
			runOnlyForDeploymentPostprocessing = 0;
		};
		66A089682EF37E7600557A4B /* Sources */ = {
			isa = PBXSourcesBuildPhase;
			buildActionMask = 2147483647;
			files = (
			);
			runOnlyForDeploymentPostprocessing = 0;
		};
/* End PBXSourcesBuildPhase section */

/* Begin PBXTargetDependency section */
		66A089642EF37E7600557A4B /* PBXTargetDependency */ = {
			isa = PBXTargetDependency;
			target = 66A089502EF37E7400557A4B /* love.ly */;
			targetProxy = 66A089632EF37E7600557A4B /* PBXContainerItemProxy */;
		};
		66A0896E2EF37E7600557A4B /* PBXTargetDependency */ = {
			isa = PBXTargetDependency;
			target = 66A089502EF37E7400557A4B /* love.ly */;
			targetProxy = 66A0896D2EF37E7600557A4B /* PBXContainerItemProxy */;
		};
/* End PBXTargetDependency section */

/* Begin XCBuildConfiguration section */
		66A089762EF37E7600557A4B /* Debug */ = {
			isa = XCBuildConfiguration;
			buildSettings = {
				ASSETCATALOG_COMPILER_APPICON_NAME = AppIcon;
				ASSETCATALOG_COMPILER_GLOBAL_ACCENT_COLOR_NAME = AccentColor;
				CODE_SIGN_ENTITLEMENTS = love.ly/love_ly.entitlements;
				CODE_SIGN_STYLE = Automatic;
				CURRENT_PROJECT_VERSION = 1;
				DEVELOPMENT_TEAM = VN8GY23GFP;
				ENABLE_PREVIEWS = YES;
				GENERATE_INFOPLIST_FILE = YES;
				INFOPLIST_FILE = love.ly/Info.plist;
				INFOPLIST_KEY_UIApplicationSceneManifest_Generation = YES;
				INFOPLIST_KEY_UIApplicationSupportsIndirectInputEvents = YES;
				INFOPLIST_KEY_UILaunchScreen_Generation = YES;
				INFOPLIST_KEY_UISupportedInterfaceOrientations_iPad = "UIInterfaceOrientationPortrait UIInterfaceOrientationPortraitUpsideDown UIInterfaceOrientationLandscapeLeft UIInterfaceOrientationLandscapeRight";
				INFOPLIST_KEY_UISupportedInterfaceOrientations_iPhone = "UIInterfaceOrientationPortrait UIInterfaceOrientationLandscapeLeft UIInterfaceOrientationLandscapeRight";
				LD_RUNPATH_SEARCH_PATHS = (
					"$(inherited)",
					"@executable_path/Frameworks",
				);
				MARKETING_VERSION = 1.0;
				PRODUCT_BUNDLE_IDENTIFIER = "zks.love-ly";
				PRODUCT_NAME = "$(TARGET_NAME)";
				STRING_CATALOG_GENERATE_SYMBOLS = YES;
				SWIFT_APPROACHABLE_CONCURRENCY = YES;
				SWIFT_DEFAULT_ACTOR_ISOLATION = MainActor;
				SWIFT_EMIT_LOC_STRINGS = YES;
				SWIFT_UPCOMING_FEATURE_MEMBER_IMPORT_VISIBILITY = YES;
				SWIFT_VERSION = 5.0;
				TARGETED_DEVICE_FAMILY = "1,2";
			};
			name = Debug;
		};
		66A089772EF37E7600557A4B /* Release */ = {
			isa = XCBuildConfiguration;
			buildSettings = {
				ASSETCATALOG_COMPILER_APPICON_NAME = AppIcon;
				ASSETCATALOG_COMPILER_GLOBAL_ACCENT_COLOR_NAME = AccentColor;
				CODE_SIGN_ENTITLEMENTS = love.ly/love_ly.entitlements;
				CODE_SIGN_STYLE = Automatic;
				CURRENT_PROJECT_VERSION = 1;
				DEVELOPMENT_TEAM = VN8GY23GFP;
				ENABLE_PREVIEWS = YES;
				GENERATE_INFOPLIST_FILE = YES;
				INFOPLIST_FILE = love.ly/Info.plist;
				INFOPLIST_KEY_UIApplicationSceneManifest_Generation = YES;
				INFOPLIST_KEY_UIApplicationSupportsIndirectInputEvents = YES;
				INFOPLIST_KEY_UILaunchScreen_Generation = YES;
				INFOPLIST_KEY_UISupportedInterfaceOrientations_iPad = "UIInterfaceOrientationPortrait UIInterfaceOrientationPortraitUpsideDown UIInterfaceOrientationLandscapeLeft UIInterfaceOrientationLandscapeRight";
				INFOPLIST_KEY_UISupportedInterfaceOrientations_iPhone = "UIInterfaceOrientationPortrait UIInterfaceOrientationLandscapeLeft UIInterfaceOrientationLandscapeRight";
				LD_RUNPATH_SEARCH_PATHS = (
					"$(inherited)",
					"@executable_path/Frameworks",
				);
				MARKETING_VERSION = 1.0;
				PRODUCT_BUNDLE_IDENTIFIER = "zks.love-ly";
				PRODUCT_NAME = "$(TARGET_NAME)";
				STRING_CATALOG_GENERATE_SYMBOLS = YES;
				SWIFT_APPROACHABLE_CONCURRENCY = YES;
				SWIFT_DEFAULT_ACTOR_ISOLATION = MainActor;
				SWIFT_EMIT_LOC_STRINGS = YES;
				SWIFT_UPCOMING_FEATURE_MEMBER_IMPORT_VISIBILITY = YES;
				SWIFT_VERSION = 5.0;
				TARGETED_DEVICE_FAMILY = "1,2";
			};
			name = Release;
		};
		66A089782EF37E7600557A4B /* Debug */ = {
			isa = XCBuildConfiguration;
			buildSettings = {
				ALWAYS_SEARCH_USER_PATHS = NO;
				ASSETCATALOG_COMPILER_GENERATE_SWIFT_ASSET_SYMBOL_EXTENSIONS = YES;
				CLANG_ANALYZER_NONNULL = YES;
				CLANG_ANALYZER_NUMBER_OBJECT_CONVERSION = YES_AGGRESSIVE;
				CLANG_CXX_LANGUAGE_STANDARD = "gnu++20";
				CLANG_ENABLE_MODULES = YES;
				CLANG_ENABLE_OBJC_ARC = YES;
				CLANG_ENABLE_OBJC_WEAK = YES;
				CLANG_WARN_BLOCK_CAPTURE_AUTORELEASING = YES;
				CLANG_WARN_BOOL_CONVERSION = YES;
				CLANG_WARN_COMMA = YES;
				CLANG_WARN_CONSTANT_CONVERSION = YES;
				CLANG_WARN_DEPRECATED_OBJC_IMPLEMENTATIONS = YES;
				CLANG_WARN_DIRECT_OBJC_ISA_USAGE = YES_ERROR;
				CLANG_WARN_DOCUMENTATION_COMMENTS = YES;
				CLANG_WARN_EMPTY_BODY = YES;
				CLANG_WARN_ENUM_CONVERSION = YES;
				CLANG_WARN_INFINITE_RECURSION = YES;
				CLANG_WARN_INT_CONVERSION = YES;
				CLANG_WARN_NON_LITERAL_NULL_CONVERSION = YES;
				CLANG_WARN_OBJC_IMPLICIT_RETAIN_SELF = YES;
				CLANG_WARN_OBJC_LITERAL_CONVERSION = YES;
				CLANG_WARN_OBJC_ROOT_CLASS = YES_ERROR;
				CLANG_WARN_QUOTED_INCLUDE_IN_FRAMEWORK_HEADER = YES;
				CLANG_WARN_RANGE_LOOP_ANALYSIS = YES;
				CLANG_WARN_STRICT_PROTOTYPES = YES;
				CLANG_WARN_SUSPICIOUS_MOVE = YES;
				CLANG_WARN_UNGUARDED_AVAILABILITY = YES_AGGRESSIVE;
				CLANG_WARN_UNREACHABLE_CODE = YES;
				CLANG_WARN__DUPLICATE_METHOD_MATCH = YES;
				COPY_PHASE_STRIP = NO;
				DEBUG_INFORMATION_FORMAT = dwarf;
				ENABLE_STRICT_OBJC_MSGSEND = YES;
				ENABLE_TESTABILITY = YES;
				ENABLE_USER_SCRIPT_SANDBOXING = YES;
				GCC_C_LANGUAGE_STANDARD = gnu17;
				GCC_DYNAMIC_NO_PIC = NO;
				GCC_NO_COMMON_BLOCKS = YES;
				GCC_OPTIMIZATION_LEVEL = 0;
				GCC_PREPROCESSOR_DEFINITIONS = (
					"DEBUG=1",
					"$(inherited)",
				);
				GCC_WARN_64_TO_32_BIT_CONVERSION = YES;
				GCC_WARN_ABOUT_RETURN_TYPE = YES_ERROR;
				GCC_WARN_UNDECLARED_SELECTOR = YES;
				GCC_WARN_UNINITIALIZED_AUTOS = YES_AGGRESSIVE;
				GCC_WARN_UNUSED_FUNCTION = YES;
				GCC_WARN_UNUSED_VARIABLE = YES;
				IPHONEOS_DEPLOYMENT_TARGET = 26.0;
				LOCALIZATION_PREFERS_STRING_CATALOGS = YES;
				MTL_ENABLE_DEBUG_INFO = INCLUDE_SOURCE;
				MTL_FAST_MATH = YES;
				ONLY_ACTIVE_ARCH = YES;
				SDKROOT = iphoneos;
				SWIFT_ACTIVE_COMPILATION_CONDITIONS = "DEBUG $(inherited)";
				SWIFT_OPTIMIZATION_LEVEL = "-Onone";
			};
			name = Debug;
		};
		66A089792EF37E7600557A4B /* Release */ = {
			isa = XCBuildConfiguration;
			buildSettings = {
				ALWAYS_SEARCH_USER_PATHS = NO;
				ASSETCATALOG_COMPILER_GENERATE_SWIFT_ASSET_SYMBOL_EXTENSIONS = YES;
				CLANG_ANALYZER_NONNULL = YES;
				CLANG_ANALYZER_NUMBER_OBJECT_CONVERSION = YES_AGGRESSIVE;
				CLANG_CXX_LANGUAGE_STANDARD = "gnu++20";
				CLANG_ENABLE_MODULES = YES;
				CLANG_ENABLE_OBJC_ARC = YES;
				CLANG_ENABLE_OBJC_WEAK = YES;
				CLANG_WARN_BLOCK_CAPTURE_AUTORELEASING = YES;
				CLANG_WARN_BOOL_CONVERSION = YES;
				CLANG_WARN_COMMA = YES;
				CLANG_WARN_CONSTANT_CONVERSION = YES;
				CLANG_WARN_DEPRECATED_OBJC_IMPLEMENTATIONS = YES;
				CLANG_WARN_DIRECT_OBJC_ISA_USAGE = YES_ERROR;
				CLANG_WARN_DOCUMENTATION_COMMENTS = YES;
				CLANG_WARN_EMPTY_BODY = YES;
				CLANG_WARN_ENUM_CONVERSION = YES;
				CLANG_WARN_INFINITE_RECURSION = YES;
				CLANG_WARN_INT_CONVERSION = YES;
				CLANG_WARN_NON_LITERAL_NULL_CONVERSION = YES;
				CLANG_WARN_OBJC_IMPLICIT_RETAIN_SELF = YES;
				CLANG_WARN_OBJC_LITERAL_CONVERSION = YES;
				CLANG_WARN_OBJC_ROOT_CLASS = YES_ERROR;
				CLANG_WARN_QUOTED_INCLUDE_IN_FRAMEWORK_HEADER = YES;
				CLANG_WARN_RANGE_LOOP_ANALYSIS = YES;
				CLANG_WARN_STRICT_PROTOTYPES = YES;
				CLANG_WARN_SUSPICIOUS_MOVE = YES;
				CLANG_WARN_UNGUARDED_AVAILABILITY = YES_AGGRESSIVE;
				CLANG_WARN_UNREACHABLE_CODE = YES;
				CLANG_WARN__DUPLICATE_METHOD_MATCH = YES;
				COPY_PHASE_STRIP = NO;
				DEBUG_INFORMATION_FORMAT = "dwarf-with-dsym";
				ENABLE_NS_ASSERTIONS = NO;
				ENABLE_STRICT_OBJC_MSGSEND = YES;
				ENABLE_USER_SCRIPT_SANDBOXING = YES;
				GCC_C_LANGUAGE_STANDARD = gnu17;
				GCC_NO_COMMON_BLOCKS = YES;
				GCC_WARN_64_TO_32_BIT_CONVERSION = YES;
				GCC_WARN_ABOUT_RETURN_TYPE = YES_ERROR;
				GCC_WARN_UNDECLARED_SELECTOR = YES;
				GCC_WARN_UNINITIALIZED_AUTOS = YES_AGGRESSIVE;
				GCC_WARN_UNUSED_FUNCTION = YES;
				GCC_WARN_UNUSED_VARIABLE = YES;
				IPHONEOS_DEPLOYMENT_TARGET = 26.0;
				LOCALIZATION_PREFERS_STRING_CATALOGS = YES;
				MTL_ENABLE_DEBUG_INFO = NO;
				MTL_FAST_MATH = YES;
				SDKROOT = iphoneos;
				SWIFT_COMPILATION_MODE = wholemodule;
				VALIDATE_PRODUCT = YES;
			};
			name = Release;
		};
		66A0897B2EF37E7600557A4B /* Debug */ = {
			isa = XCBuildConfiguration;
			buildSettings = {
				BUNDLE_LOADER = "$(TEST_HOST)";
				CODE_SIGN_STYLE = Automatic;
				CURRENT_PROJECT_VERSION = 1;
				GENERATE_INFOPLIST_FILE = YES;
				IPHONEOS_DEPLOYMENT_TARGET = 26.0;
				MARKETING_VERSION = 1.0;
				PRODUCT_BUNDLE_IDENTIFIER = "zks.love-lyTests";
				PRODUCT_NAME = "$(TARGET_NAME)";
				STRING_CATALOG_GENERATE_SYMBOLS = NO;
				SWIFT_APPROACHABLE_CONCURRENCY = YES;
				SWIFT_EMIT_LOC_STRINGS = NO;
				SWIFT_UPCOMING_FEATURE_MEMBER_IMPORT_VISIBILITY = YES;
				SWIFT_VERSION = 5.0;
				TARGETED_DEVICE_FAMILY = "1,2";
				TEST_HOST = "$(BUILT_PRODUCTS_DIR)/love.ly.app/$(BUNDLE_EXECUTABLE_FOLDER_PATH)/love.ly";
			};
			name = Debug;
		};
		66A0897C2EF37E7600557A4B /* Release */ = {
			isa = XCBuildConfiguration;
			buildSettings = {
				BUNDLE_LOADER = "$(TEST_HOST)";
				CODE_SIGN_STYLE = Automatic;
				CURRENT_PROJECT_VERSION = 1;
				GENERATE_INFOPLIST_FILE = YES;
				IPHONEOS_DEPLOYMENT_TARGET = 26.0;
				MARKETING_VERSION = 1.0;
				PRODUCT_BUNDLE_IDENTIFIER = "zks.love-lyTests";
				PRODUCT_NAME = "$(TARGET_NAME)";
				STRING_CATALOG_GENERATE_SYMBOLS = NO;
				SWIFT_APPROACHABLE_CONCURRENCY = YES;
				SWIFT_EMIT_LOC_STRINGS = NO;
				SWIFT_UPCOMING_FEATURE_MEMBER_IMPORT_VISIBILITY = YES;
				SWIFT_VERSION = 5.0;
				TARGETED_DEVICE_FAMILY = "1,2";
				TEST_HOST = "$(BUILT_PRODUCTS_DIR)/love.ly.app/$(BUNDLE_EXECUTABLE_FOLDER_PATH)/love.ly";
			};
			name = Release;
		};
		66A0897E2EF37E7600557A4B /* Debug */ = {
			isa = XCBuildConfiguration;
			buildSettings = {
				CODE_SIGN_STYLE = Automatic;
				CURRENT_PROJECT_VERSION = 1;
				DEVELOPMENT_TEAM = VN8GY23GFP;
				GENERATE_INFOPLIST_FILE = YES;
				MARKETING_VERSION = 1.0;
				PRODUCT_BUNDLE_IDENTIFIER = "zks.love-lyUITests";
				PRODUCT_NAME = "$(TARGET_NAME)";
				STRING_CATALOG_GENERATE_SYMBOLS = NO;
				SWIFT_APPROACHABLE_CONCURRENCY = YES;
				SWIFT_EMIT_LOC_STRINGS = NO;
				SWIFT_UPCOMING_FEATURE_MEMBER_IMPORT_VISIBILITY = YES;
				SWIFT_VERSION = 5.0;
				TARGETED_DEVICE_FAMILY = "1,2";
				TEST_TARGET_NAME = love.ly;
			};
			name = Debug;
		};
		66A0897F2EF37E7600557A4B /* Release */ = {
			isa = XCBuildConfiguration;
			buildSettings = {
				CODE_SIGN_STYLE = Automatic;
				CURRENT_PROJECT_VERSION = 1;
				DEVELOPMENT_TEAM = VN8GY23GFP;
				GENERATE_INFOPLIST_FILE = YES;
				MARKETING_VERSION = 1.0;
				PRODUCT_BUNDLE_IDENTIFIER = "zks.love-lyUITests";
				PRODUCT_NAME = "$(TARGET_NAME)";
				STRING_CATALOG_GENERATE_SYMBOLS = NO;
				SWIFT_APPROACHABLE_CONCURRENCY = YES;
				SWIFT_EMIT_LOC_STRINGS = NO;
				SWIFT_UPCOMING_FEATURE_MEMBER_IMPORT_VISIBILITY = YES;
				SWIFT_VERSION = 5.0;
				TARGETED_DEVICE_FAMILY = "1,2";
				TEST_TARGET_NAME = love.ly;
			};
			name = Release;
		};
/* End XCBuildConfiguration section */

/* Begin XCConfigurationList section */
		66A0894C2EF37E7400557A4B /* Build configuration list for PBXProject "love.ly" */ = {
			isa = XCConfigurationList;
			buildConfigurations = (
				66A089782EF37E7600557A4B /* Debug */,
				66A089792EF37E7600557A4B /* Release */,
			);
			defaultConfigurationIsVisible = 0;
			defaultConfigurationName = Release;
		};
		66A089752EF37E7600557A4B /* Build configuration list for PBXNativeTarget "love.ly" */ = {
			isa = XCConfigurationList;
			buildConfigurations = (
				66A089762EF37E7600557A4B /* Debug */,
				66A089772EF37E7600557A4B /* Release */,
			);
			defaultConfigurationIsVisible = 0;
			defaultConfigurationName = Release;
		};
		66A0897A2EF37E7600557A4B /* Build configuration list for PBXNativeTarget "love.lyTests" */ = {
			isa = XCConfigurationList;
			buildConfigurations = (
				66A0897B2EF37E7600557A4B /* Debug */,
				66A0897C2EF37E7600557A4B /* Release */,
			);
			defaultConfigurationIsVisible = 0;
			defaultConfigurationName = Release;
		};
		66A0897D2EF37E7600557A4B /* Build configuration list for PBXNativeTarget "love.lyUITests" */ = {
			isa = XCConfigurationList;
			buildConfigurations = (
				66A0897E2EF37E7600557A4B /* Debug */,
				66A0897F2EF37E7600557A4B /* Release */,
			);
			defaultConfigurationIsVisible = 0;
			defaultConfigurationName = Release;
		};
/* End XCConfigurationList section */

/* Begin XCLocalSwiftPackageReference section */
		66F6C4972F0EF06D001A0F62 /* XCLocalSwiftPackageReference "../FirebaseDataConnectGenerated/DataConnectGenerated" */ = {
			isa = XCLocalSwiftPackageReference;
			relativePath = ../FirebaseDataConnectGenerated/DataConnectGenerated;
		};
		66FA42FD2F0EEBF60069D7F2 /* XCLocalSwiftPackageReference "lovelySDKGenerated/lovelySDK" */ = {
			isa = XCLocalSwiftPackageReference;
			relativePath = lovelySDKGenerated/lovelySDK;
		};
/* End XCLocalSwiftPackageReference section */

/* Begin XCRemoteSwiftPackageReference section */
		66A089822EF38ADA00557A4B /* XCRemoteSwiftPackageReference "firebase-ios-sdk" */ = {
			isa = XCRemoteSwiftPackageReference;
			repositoryURL = "https://github.com/firebase/firebase-ios-sdk";
			requirement = {
				kind = upToNextMajorVersion;
				minimumVersion = 12.7.0;
			};
		};
/* End XCRemoteSwiftPackageReference section */

/* Begin XCSwiftPackageProductDependency section */
		66A089832EF38ADA00557A4B /* FirebaseAI */ = {
			isa = XCSwiftPackageProductDependency;
			package = 66A089822EF38ADA00557A4B /* XCRemoteSwiftPackageReference "firebase-ios-sdk" */;
			productName = FirebaseAI;
		};
		66A089852EF38ADA00557A4B /* FirebaseAILogic */ = {
			isa = XCSwiftPackageProductDependency;
			package = 66A089822EF38ADA00557A4B /* XCRemoteSwiftPackageReference "firebase-ios-sdk" */;
			productName = FirebaseAILogic;
		};
		66A089872EF38ADA00557A4B /* FirebaseAnalytics */ = {
			isa = XCSwiftPackageProductDependency;
			package = 66A089822EF38ADA00557A4B /* XCRemoteSwiftPackageReference "firebase-ios-sdk" */;
			productName = FirebaseAnalytics;
		};
		66A089892EF38ADA00557A4B /* FirebaseAppCheck */ = {
			isa = XCSwiftPackageProductDependency;
			package = 66A089822EF38ADA00557A4B /* XCRemoteSwiftPackageReference "firebase-ios-sdk" */;
			productName = FirebaseAppCheck;
		};
		66A0898B2EF38ADA00557A4B /* FirebaseAppDistribution-Beta */ = {
			isa = XCSwiftPackageProductDependency;
			package = 66A089822EF38ADA00557A4B /* XCRemoteSwiftPackageReference "firebase-ios-sdk" */;
			productName = "FirebaseAppDistribution-Beta";
		};
		66A0898D2EF38ADA00557A4B /* FirebaseAuth */ = {
			isa = XCSwiftPackageProductDependency;
			package = 66A089822EF38ADA00557A4B /* XCRemoteSwiftPackageReference "firebase-ios-sdk" */;
			productName = FirebaseAuth;
		};
		66A0898F2EF38ADA00557A4B /* FirebaseDatabase */ = {
			isa = XCSwiftPackageProductDependency;
			package = 66A089822EF38ADA00557A4B /* XCRemoteSwiftPackageReference "firebase-ios-sdk" */;
			productName = FirebaseDatabase;
		};
		66A089912EF38ADA00557A4B /* FirebaseFirestore */ = {
			isa = XCSwiftPackageProductDependency;
			package = 66A089822EF38ADA00557A4B /* XCRemoteSwiftPackageReference "firebase-ios-sdk" */;
			productName = FirebaseFirestore;
		};
		66A089932EF38ADA00557A4B /* FirebaseFunctions */ = {
			isa = XCSwiftPackageProductDependency;
			package = 66A089822EF38ADA00557A4B /* XCRemoteSwiftPackageReference "firebase-ios-sdk" */;
			productName = FirebaseFunctions;
		};
		66A089952EF38ADA00557A4B /* FirebaseInAppMessaging-Beta */ = {
			isa = XCSwiftPackageProductDependency;
			package = 66A089822EF38ADA00557A4B /* XCRemoteSwiftPackageReference "firebase-ios-sdk" */;
			productName = "FirebaseInAppMessaging-Beta";
		};
		66A089972EF38ADA00557A4B /* FirebaseMessaging */ = {
			isa = XCSwiftPackageProductDependency;
			package = 66A089822EF38ADA00557A4B /* XCRemoteSwiftPackageReference "firebase-ios-sdk" */;
			productName = FirebaseMessaging;
		};
/* End XCSwiftPackageProductDependency section */
	};
	rootObject = 66A089492EF37E7400557A4B /* Project object */;
}
